{
  "nodes": {
    "adrsRecords": {
      "flake": false,
      "locked": {
        "lastModified": 1781903806,
        "narHash": "sha256-JoPxDk9daOKVagghqc7sMpVlxDUIAGCBWtYksfIqEgU=",
        "ref": "refs/heads/proposal/record-jsonl-reproof-rehome-260619",
        "rev": "deb5e1ca5edfed1624143db96e483aaa675ed7de",
        "revCount": 28,
        "type": "git",
        "url": "ssh://100.124.250.91/home/nixos/repos/.bare/adrs.git"
      },
      "original": {
        "ref": "refs/heads/proposal/record-jsonl-reproof-rehome-260619",
        "rev": "deb5e1ca5edfed1624143db96e483aaa675ed7de",
        "type": "git",
        "url": "ssh://100.124.250.91/home/nixos/repos/.bare/adrs.git"
      }
    },
    "nixpkgs": {
      "locked": {
        "lastModified": 1780749050,
        "narHash": "sha256-3av0pIjlOWQ6rDbNOmpUSvbNnJkGORQKKjb4LtCZsIY=",
        "owner": "NixOS",
        "repo": "nixpkgs",
        "rev": "a799d3e3886da994fa307f817a6bc705ae538eeb",
        "type": "github"
      },
      "original": {
        "owner": "NixOS",
        "ref": "nixos-unstable",
        "repo": "nixpkgs",
        "type": "github"
      }
    },
    "root": {
      "inputs": {
        "adrsRecords": "adrsRecords",
        "nixpkgs": "nixpkgs"
      }
    }
  },
  "root": "root",
  "version": 7
}
